
Microsoft Visual Studio Solution File, Format Version 12.00
# Visual Studio 15
VisualStudioVersion = 15.0.26124.0
MinimumVisualStudioVersion = 15.0.26124.0
Project("{2150E333-8FDC-42A3-9474-1A3956D46DE8}") = "src", "src", "{6B3B396E-45DC-43C9-8BED-255F753A35D4}"
EndProject
Project("{9A19103F-16F7-4668-BE54-9A1E7A4F7556}") = "RenderRazorInConsoleApp.Core", "src\RenderRazorInConsoleApp.Core\RenderRazorInConsoleApp.Core.csproj", "{C357CF1C-6FE2-4BBF-9510-BE24E7DE3D8C}"
EndProject
Project("{9A19103F-16F7-4668-BE54-9A1E7A4F7556}") = "RenderRazorInConsoleApp.Cli", "src\RenderRazorInConsoleApp.Cli\RenderRazorInConsoleApp.Cli.csproj", "{92E3E0B3-51E6-401B-9999-C41D31D2E91B}"
EndProject
Global
	GlobalSection(SolutionConfigurationPlatforms) = preSolution
		Debug|Any CPU = Debug|Any CPU
		Debug|x64 = Debug|x64
		Debug|x86 = Debug|x86
		Release|Any CPU = Release|Any CPU
		Release|x64 = Release|x64
		Release|x86 = Release|x86
	EndGlobalSection
	GlobalSection(ProjectConfigurationPlatforms) = postSolution
		{C357CF1C-6FE2-4BBF-9510-BE24E7DE3D8C}.Debug|Any CPU.ActiveCfg = Debug|Any CPU
		{C357CF1C-6FE2-4BBF-9510-BE24E7DE3D8C}.Debug|Any CPU.Build.0 = Debug|Any CPU
		{C357CF1C-6FE2-4BBF-9510-BE24E7DE3D8C}.Debug|x64.ActiveCfg = Debug|Any CPU
		{C357CF1C-6FE2-4BBF-9510-BE24E7DE3D8C}.Debug|x64.Build.0 = Debug|Any CPU
		{C357CF1C-6FE2-4BBF-9510-BE24E7DE3D8C}.Debug|x86.ActiveCfg = Debug|Any CPU
		{C357CF1C-6FE2-4BBF-9510-BE24E7DE3D8C}.Debug|x86.Build.0 = Debug|Any CPU
		{C357CF1C-6FE2-4BBF-9510-BE24E7DE3D8C}.Release|Any CPU.ActiveCfg = Release|Any CPU
		{C357CF1C-6FE2-4BBF-9510-BE24E7DE3D8C}.Release|Any CPU.Build.0 = Release|Any CPU
		{C357CF1C-6FE2-4BBF-9510-BE24E7DE3D8C}.Release|x64.ActiveCfg = Release|Any CPU
		{C357CF1C-6FE2-4BBF-9510-BE24E7DE3D8C}.Release|x64.Build.0 = Release|Any CPU
		{C357CF1C-6FE2-4BBF-9510-BE24E7DE3D8C}.Release|x86.ActiveCfg = Release|Any CPU
		{C357CF1C-6FE2-4BBF-9510-BE24E7DE3D8C}.Release|x86.Build.0 = Release|Any CPU
		{92E3E0B3-51E6-401B-9999-C41D31D2E91B}.Debug|Any CPU.ActiveCfg = Debug|Any CPU
		{92E3E0B3-51E6-401B-9999-C41D31D2E91B}.Debug|Any CPU.Build.0 = Debug|Any CPU
		{92E3E0B3-51E6-401B-9999-C41D31D2E91B}.Debug|x64.ActiveCfg = Debug|Any CPU
		{92E3E0B3-51E6-401B-9999-C41D31D2E91B}.Debug|x64.Build.0 = Debug|Any CPU
		{92E3E0B3-51E6-401B-9999-C41D31D2E91B}.Debug|x86.ActiveCfg = Debug|Any CPU
		{92E3E0B3-51E6-401B-9999-C41D31D2E91B}.Debug|x86.Build.0 = Debug|Any CPU
		{92E3E0B3-51E6-401B-9999-C41D31D2E91B}.Release|Any CPU.ActiveCfg = Release|Any CPU
		{92E3E0B3-51E6-401B-9999-C41D31D2E91B}.Release|Any CPU.Build.0 = Release|Any CPU
		{92E3E0B3-51E6-401B-9999-C41D31D2E91B}.Release|x64.ActiveCfg = Release|Any CPU
		{92E3E0B3-51E6-401B-9999-C41D31D2E91B}.Release|x64.Build.0 = Release|Any CPU
		{92E3E0B3-51E6-401B-9999-C41D31D2E91B}.Release|x86.ActiveCfg = Release|Any CPU
		{92E3E0B3-51E6-401B-9999-C41D31D2E91B}.Release|x86.Build.0 = Release|Any CPU
	EndGlobalSection
	GlobalSection(SolutionProperties) = preSolution
		HideSolutionNode = FALSE
	EndGlobalSection
	GlobalSection(NestedProjects) = preSolution
		{C357CF1C-6FE2-4BBF-9510-BE24E7DE3D8C} = {6B3B396E-45DC-43C9-8BED-255F753A35D4}
		{92E3E0B3-51E6-401B-9999-C41D31D2E91B} = {6B3B396E-45DC-43C9-8BED-255F753A35D4}
	EndGlobalSection
	GlobalSection(ExtensibilityGlobals) = postSolution
		SolutionGuid = {DFCB2516-1687-42D8-9614-C5A112832DB2}
	EndGlobalSection
EndGlobal
